
Microsoft Visual Studio Solution File, Format Version 12.00
# Visual Studio 2013
VisualStudioVersion = 12.0.40629.0
MinimumVisualStudioVersion = 10.0.40219.1
Project("{FAE04EC0-301F-11D3-BF4B-00C04F79EFBC}") = "TgGPS", "TgGPS\TgGPS.csproj", "{B4F9C525-5C56-440E-B4C2-972A33D7C8CD}"
EndProject
Project("{00D1A9C2-B5F0-4AF3-8072-F6C62B433612}") = "TgGPSdb", "TgGPSdb\TgGPSdb.sqlproj", "{D2A08D34-76B6-4AA0-B87A-3EFD96978279}"
EndProject
Global
	GlobalSection(SolutionConfigurationPlatforms) = preSolution
		Debug|Any CPU = Debug|Any CPU
		Release|Any CPU = Release|Any CPU
	EndGlobalSection
	GlobalSection(ProjectConfigurationPlatforms) = postSolution
		{B4F9C525-5C56-440E-B4C2-972A33D7C8CD}.Debug|Any CPU.ActiveCfg = Debug|Any CPU
		{B4F9C525-5C56-440E-B4C2-972A33D7C8CD}.Debug|Any CPU.Build.0 = Debug|Any CPU
		{B4F9C525-5C56-440E-B4C2-972A33D7C8CD}.Release|Any CPU.ActiveCfg = Release|Any CPU
		{B4F9C525-5C56-440E-B4C2-972A33D7C8CD}.Release|Any CPU.Build.0 = Release|Any CPU
		{D2A08D34-76B6-4AA0-B87A-3EFD96978279}.Debug|Any CPU.ActiveCfg = Debug|Any CPU
		{D2A08D34-76B6-4AA0-B87A-3EFD96978279}.Debug|Any CPU.Build.0 = Debug|Any CPU
		{D2A08D34-76B6-4AA0-B87A-3EFD96978279}.Debug|Any CPU.Deploy.0 = Debug|Any CPU
		{D2A08D34-76B6-4AA0-B87A-3EFD96978279}.Release|Any CPU.ActiveCfg = Release|Any CPU
		{D2A08D34-76B6-4AA0-B87A-3EFD96978279}.Release|Any CPU.Build.0 = Release|Any CPU
		{D2A08D34-76B6-4AA0-B87A-3EFD96978279}.Release|Any CPU.Deploy.0 = Release|Any CPU
	EndGlobalSection
	GlobalSection(SolutionProperties) = preSolution
		HideSolutionNode = FALSE
	EndGlobalSection
EndGlobal
